
Microsoft Visual Studio Solution File, Format Version 12.00
# Visual Studio Version 17
VisualStudioVersion = 17.5.33627.172
MinimumVisualStudioVersion = 10.0.40219.1
Project("{9A19103F-16F7-4668-BE54-9A1E7A4F7556}") = "woodgroveapi", "woodgroveapi.csproj", "{7491B8B9-D7DD-4C51-BF2F-3C1386A1DE28}"
EndProject
Global
	GlobalSection(SolutionConfigurationPlatforms) = preSolution
		Debug|Any CPU = Debug|Any CPU
		Release|Any CPU = Release|Any CPU
	EndGlobalSection
	GlobalSection(ProjectConfigurationPlatforms) = postSolution
		{7491B8B9-D7DD-4C51-BF2F-3C1386A1DE28}.Debug|Any CPU.ActiveCfg = Debug|Any CPU
		{7491B8B9-D7DD-4C51-BF2F-3C1386A1DE28}.Debug|Any CPU.Build.0 = Debug|Any CPU
		{7491B8B9-D7DD-4C51-BF2F-3C1386A1DE28}.Release|Any CPU.ActiveCfg = Release|Any CPU
		{7491B8B9-D7DD-4C51-BF2F-3C1386A1DE28}.Release|Any CPU.Build.0 = Release|Any CPU
	EndGlobalSection
	GlobalSection(SolutionProperties) = preSolution
		HideSolutionNode = FALSE
	EndGlobalSection
	GlobalSection(ExtensibilityGlobals) = postSolution
		SolutionGuid = {9EEA37C0-90B0-4D26-8EB0-6C630415241A}
	EndGlobalSection
EndGlobal
